<Solution>
  <Folder Name="/Solution Items/">
    <File Path=".editorconfig" />
    <File Path=".gitattributes" />
    <File Path=".gitignore" />
    <File Path="LICENSE" />
    <File Path="README.md" />
  </Folder>
  <Project Path="src/LocationService.csproj">
    <Deploy Solution="Debug|*" />
  </Project>
  <Project Path="tests/LocationService.Tests/LocationService.Tests.csproj" />
</Solution>
