
Microsoft Visual Studio Solution File, Format Version 12.00
# Visual Studio Version 16
VisualStudioVersion = 16.0.30413.136
MinimumVisualStudioVersion = 10.0.40219.1
Project("{9A19103F-16F7-4668-BE54-9A1E7A4F7556}") = "XamarinForms.LocationService", "XamarinForms.LocationService\XamarinForms.LocationService.csproj", "{A22289B2-5F1A-4F3E-A1E4-F84028F829D4}"
EndProject
Project("{FAE04EC0-301F-11D3-BF4B-00C04F79EFBC}") = "XamarinForms.LocationService.Android", "XamarinForms.LocationService.Android\XamarinForms.LocationService.Android.csproj", "{32D4F158-763D-431C-8F1B-B4360888B1F9}"
EndProject
Project("{FAE04EC0-301F-11D3-BF4B-00C04F79EFBC}") = "XamarinForms.LocationService.iOS", "XamarinForms.LocationService.iOS\XamarinForms.LocationService.iOS.csproj", "{A9063D7F-9847-4FBA-A6FD-6C676EB190B3}"
EndProject
Global
	GlobalSection(SolutionConfigurationPlatforms) = preSolution
		Debug|Any CPU = Debug|Any CPU
		Debug|iPhone = Debug|iPhone
		Debug|iPhoneSimulator = Debug|iPhoneSimulator
		Release|Any CPU = Release|Any CPU
		Release|iPhone = Release|iPhone
		Release|iPhoneSimulator = Release|iPhoneSimulator
	EndGlobalSection
	GlobalSection(ProjectConfigurationPlatforms) = postSolution
		{A22289B2-5F1A-4F3E-A1E4-F84028F829D4}.Debug|Any CPU.ActiveCfg = Debug|Any CPU
		{A22289B2-5F1A-4F3E-A1E4-F84028F829D4}.Debug|Any CPU.Build.0 = Debug|Any CPU
		{A22289B2-5F1A-4F3E-A1E4-F84028F829D4}.Debug|iPhone.ActiveCfg = Debug|Any CPU
		{A22289B2-5F1A-4F3E-A1E4-F84028F829D4}.Debug|iPhone.Build.0 = Debug|Any CPU
		{A22289B2-5F1A-4F3E-A1E4-F84028F829D4}.Debug|iPhoneSimulator.ActiveCfg = Debug|Any CPU
		{A22289B2-5F1A-4F3E-A1E4-F84028F829D4}.Debug|iPhoneSimulator.Build.0 = Debug|Any CPU
		{A22289B2-5F1A-4F3E-A1E4-F84028F829D4}.Release|Any CPU.ActiveCfg = Release|Any CPU
		{A22289B2-5F1A-4F3E-A1E4-F84028F829D4}.Release|Any CPU.Build.0 = Release|Any CPU
		{A22289B2-5F1A-4F3E-A1E4-F84028F829D4}.Release|iPhone.ActiveCfg = Release|Any CPU
		{A22289B2-5F1A-4F3E-A1E4-F84028F829D4}.Release|iPhone.Build.0 = Release|Any CPU
		{A22289B2-5F1A-4F3E-A1E4-F84028F829D4}.Release|iPhoneSimulator.ActiveCfg = Release|Any CPU
		{A22289B2-5F1A-4F3E-A1E4-F84028F829D4}.Release|iPhoneSimulator.Build.0 = Release|Any CPU
		{32D4F158-763D-431C-8F1B-B4360888B1F9}.Debug|Any CPU.ActiveCfg = Debug|Any CPU
		{32D4F158-763D-431C-8F1B-B4360888B1F9}.Debug|Any CPU.Build.0 = Debug|Any CPU
		{32D4F158-763D-431C-8F1B-B4360888B1F9}.Debug|Any CPU.Deploy.0 = Debug|Any CPU
		{32D4F158-763D-431C-8F1B-B4360888B1F9}.Debug|iPhone.ActiveCfg = Debug|Any CPU
		{32D4F158-763D-431C-8F1B-B4360888B1F9}.Debug|iPhone.Build.0 = Debug|Any CPU
		{32D4F158-763D-431C-8F1B-B4360888B1F9}.Debug|iPhone.Deploy.0 = Debug|Any CPU
		{32D4F158-763D-431C-8F1B-B4360888B1F9}.Debug|iPhoneSimulator.ActiveCfg = Debug|Any CPU
		{32D4F158-763D-431C-8F1B-B4360888B1F9}.Debug|iPhoneSimulator.Build.0 = Debug|Any CPU
		{32D4F158-763D-431C-8F1B-B4360888B1F9}.Debug|iPhoneSimulator.Deploy.0 = Debug|Any CPU
		{32D4F158-763D-431C-8F1B-B4360888B1F9}.Release|Any CPU.ActiveCfg = Release|Any CPU
		{32D4F158-763D-431C-8F1B-B4360888B1F9}.Release|Any CPU.Build.0 = Release|Any CPU
		{32D4F158-763D-431C-8F1B-B4360888B1F9}.Release|Any CPU.Deploy.0 = Release|Any CPU
		{32D4F158-763D-431C-8F1B-B4360888B1F9}.Release|iPhone.ActiveCfg = Release|Any CPU
		{32D4F158-763D-431C-8F1B-B4360888B1F9}.Release|iPhone.Build.0 = Release|Any CPU
		{32D4F158-763D-431C-8F1B-B4360888B1F9}.Release|iPhone.Deploy.0 = Release|Any CPU
		{32D4F158-763D-431C-8F1B-B4360888B1F9}.Release|iPhoneSimulator.ActiveCfg = Release|Any CPU
		{32D4F158-763D-431C-8F1B-B4360888B1F9}.Release|iPhoneSimulator.Build.0 = Release|Any CPU
		{32D4F158-763D-431C-8F1B-B4360888B1F9}.Release|iPhoneSimulator.Deploy.0 = Release|Any CPU
		{A9063D7F-9847-4FBA-A6FD-6C676EB190B3}.Debug|Any CPU.ActiveCfg = Debug|iPhoneSimulator
		{A9063D7F-9847-4FBA-A6FD-6C676EB190B3}.Debug|iPhone.ActiveCfg = Debug|iPhone
		{A9063D7F-9847-4FBA-A6FD-6C676EB190B3}.Debug|iPhone.Build.0 = Debug|iPhone
		{A9063D7F-9847-4FBA-A6FD-6C676EB190B3}.Debug|iPhoneSimulator.ActiveCfg = Debug|iPhoneSimulator
		{A9063D7F-9847-4FBA-A6FD-6C676EB190B3}.Debug|iPhoneSimulator.Build.0 = Debug|iPhoneSimulator
		{A9063D7F-9847-4FBA-A6FD-6C676EB190B3}.Release|Any CPU.ActiveCfg = Release|iPhoneSimulator
		{A9063D7F-9847-4FBA-A6FD-6C676EB190B3}.Release|iPhone.ActiveCfg = Release|iPhone
		{A9063D7F-9847-4FBA-A6FD-6C676EB190B3}.Release|iPhone.Build.0 = Release|iPhone
		{A9063D7F-9847-4FBA-A6FD-6C676EB190B3}.Release|iPhoneSimulator.ActiveCfg = Release|iPhoneSimulator
		{A9063D7F-9847-4FBA-A6FD-6C676EB190B3}.Release|iPhoneSimulator.Build.0 = Release|iPhoneSimulator
	EndGlobalSection
	GlobalSection(SolutionProperties) = preSolution
		HideSolutionNode = FALSE
	EndGlobalSection
	GlobalSection(ExtensibilityGlobals) = postSolution
		SolutionGuid = {F7DF0210-486D-4C43-A5F8-AFBBEC0874A8}
	EndGlobalSection
EndGlobal
